
Microsoft Visual Studio Solution File, Format Version 12.00
# Visual Studio Version 17
VisualStudioVersion = 17.0.31903.59
MinimumVisualStudioVersion = 10.0.40219.1
Project("{FAE04EC0-301F-11D3-BF4B-00C04F79EFBC}") = "API", "API\API.csproj", "{6A812362-701D-4063-9BBD-4997484E2FF2}"
EndProject
Project("{FAE04EC0-301F-11D3-BF4B-00C04F79EFBC}") = "Core", "Core\Core.csproj", "{ED4566D7-7B21-4718-8676-4355B0A63081}"
EndProject
Project("{FAE04EC0-301F-11D3-BF4B-00C04F79EFBC}") = "Infrastructure", "Infrastructure\Infrastructure.csproj", "{33B7A852-1921-4BE3-92AC-3D24B050E4EE}"
EndProject
Global
	GlobalSection(SolutionConfigurationPlatforms) = preSolution
		Debug|Any CPU = Debug|Any CPU
		Release|Any CPU = Release|Any CPU
	EndGlobalSection
	GlobalSection(SolutionProperties) = preSolution
		HideSolutionNode = FALSE
	EndGlobalSection
	GlobalSection(ProjectConfigurationPlatforms) = postSolution
		{6A812362-701D-4063-9BBD-4997484E2FF2}.Debug|Any CPU.ActiveCfg = Debug|Any CPU
		{6A812362-701D-4063-9BBD-4997484E2FF2}.Debug|Any CPU.Build.0 = Debug|Any CPU
		{6A812362-701D-4063-9BBD-4997484E2FF2}.Release|Any CPU.ActiveCfg = Release|Any CPU
		{6A812362-701D-4063-9BBD-4997484E2FF2}.Release|Any CPU.Build.0 = Release|Any CPU
		{ED4566D7-7B21-4718-8676-4355B0A63081}.Debug|Any CPU.ActiveCfg = Debug|Any CPU
		{ED4566D7-7B21-4718-8676-4355B0A63081}.Debug|Any CPU.Build.0 = Debug|Any CPU
		{ED4566D7-7B21-4718-8676-4355B0A63081}.Release|Any CPU.ActiveCfg = Release|Any CPU
		{ED4566D7-7B21-4718-8676-4355B0A63081}.Release|Any CPU.Build.0 = Release|Any CPU
		{33B7A852-1921-4BE3-92AC-3D24B050E4EE}.Debug|Any CPU.ActiveCfg = Debug|Any CPU
		{33B7A852-1921-4BE3-92AC-3D24B050E4EE}.Debug|Any CPU.Build.0 = Debug|Any CPU
		{33B7A852-1921-4BE3-92AC-3D24B050E4EE}.Release|Any CPU.ActiveCfg = Release|Any CPU
		{33B7A852-1921-4BE3-92AC-3D24B050E4EE}.Release|Any CPU.Build.0 = Release|Any CPU
	EndGlobalSection
EndGlobal
